// !$*UTF8*$!
{
	archiveVersion = 1;
	classes = {
	};
	objectVersion = 48;
	objects = {

/* Begin PBXBuildFile section */
		834224D52072FC9D005D3144 /* AppDelegate.swift in Sources */ = {isa = PBXBuildFile; fileRef = 834224D42072FC9D005D3144 /* AppDelegate.swift */; };
		834224D72072FC9D005D3144 /* ViewController.swift in Sources */ = {isa = PBXBuildFile; fileRef = 834224D62072FC9D005D3144 /* ViewController.swift */; };
		834224DA2072FC9D005D3144 /* Fifteen.xcdatamodeld in Sources */ = {isa = PBXBuildFile; fileRef = 834224D82072FC9D005D3144 /* Fifteen.xcdatamodeld */; };
		834224DD2072FC9D005D3144 /* Main.storyboard in Resources */ = {isa = PBXBuildFile; fileRef = 834224DB2072FC9D005D3144 /* Main.storyboard */; };
		834224DF2072FC9D005D3144 /* Assets.xcassets in Resources */ = {isa = PBXBuildFile; fileRef = 834224DE2072FC9D005D3144 /* Assets.xcassets */; };
		83B3FDAC207305B000D66EE5 /* Board.swift in Sources */ = {isa = PBXBuildFile; fileRef = 83B3FDAB207305B000D66EE5 /* Board.swift */; };
		83B3FDAE207305D000D66EE5 /* Tile.swift in Sources */ = {isa = PBXBuildFile; fileRef = 83B3FDAD207305D000D66EE5 /* Tile.swift */; };
/* End PBXBuildFile section */

/* Begin PBXFileReference section */
		834224D12072FC9D005D3144 /* Fifteen.app */ = {isa = PBXFileReference; explicitFileType = wrapper.application; includeInIndex = 0; path = Fifteen.app; sourceTree = BUILT_PRODUCTS_DIR; };
		834224D42072FC9D005D3144 /* AppDelegate.swift */ = {isa = PBXFileReference; lastKnownFileType = sourcecode.swift; path = AppDelegate.swift; sourceTree = "<group>"; };
		834224D62072FC9D005D3144 /* ViewController.swift */ = {isa = PBXFileReference; lastKnownFileType = sourcecode.swift; path = ViewController.swift; sourceTree = "<group>"; };
		834224D92072FC9D005D3144 /* Fifteen.xcdatamodel */ = {isa = PBXFileReference; lastKnownFileType = wrapper.xcdatamodel; path = Fifteen.xcdatamodel; sourceTree = "<group>"; };
		834224DC2072FC9D005D3144 /* Base */ = {isa = PBXFileReference; lastKnownFileType = file.storyboard; name = Base; path = Base.lproj/Main.storyboard; sourceTree = "<group>"; };
		834224DE2072FC9D005D3144 /* Assets.xcassets */ = {isa = PBXFileReference; lastKnownFileType = folder.assetcatalog; path = Assets.xcassets; sourceTree = "<group>"; };
		834224E02072FC9D005D3144 /* Info.plist */ = {isa = PBXFileReference; lastKnownFileType = text.plist.xml; path = Info.plist; sourceTree = "<group>"; };
		83B3FDAB207305B000D66EE5 /* Board.swift */ = {isa = PBXFileReference; lastKnownFileType = sourcecode.swift; path = Board.swift; sourceTree = "<group>"; };
		83B3FDAD207305D000D66EE5 /* Tile.swift */ = {isa = PBXFileReference; lastKnownFileType = sourcecode.swift; path = Tile.swift; sourceTree = "<group>"; };
/* End PBXFileReference section */

/* Begin PBXFrameworksBuildPhase section */
		834224CE2072FC9D005D3144 /* Frameworks */ = {
			isa = PBXFrameworksBuildPhase;
			buildActionMask = 2147483647;
			files = (
			);
			runOnlyForDeploymentPostprocessing = 0;
		};
/* End PBXFrameworksBuildPhase section */

/* Begin PBXGroup section */
		834224C82072FC9D005D3144 = {
			isa = PBXGroup;
			children = (
				834224D32072FC9D005D3144 /* Fifteen */,
				834224D22072FC9D005D3144 /* Products */,
			);
			sourceTree = "<group>";
		};
		834224D22072FC9D005D3144 /* Products */ = {
			isa = PBXGroup;
			children = (
				834224D12072FC9D005D3144 /* Fifteen.app */,
			);
			name = Products;
			sourceTree = "<group>";
		};
		834224D32072FC9D005D3144 /* Fifteen */ = {
			isa = PBXGroup;
			children = (
				834224D42072FC9D005D3144 /* AppDelegate.swift */,
				834224D62072FC9D005D3144 /* ViewController.swift */,
				83B3FDAB207305B000D66EE5 /* Board.swift */,
				83B3FDAD207305D000D66EE5 /* Tile.swift */,
				834224DB2072FC9D005D3144 /* Main.storyboard */,
				834224DE2072FC9D005D3144 /* Assets.xcassets */,
				834224E02072FC9D005D3144 /* Info.plist */,
				834224D82072FC9D005D3144 /* Fifteen.xcdatamodeld */,
			);
			path = Fifteen;
			sourceTree = "<group>";
		};
/* End PBXGroup section */

/* Begin PBXNativeTarget section */
		834224D02072FC9D005D3144 /* Fifteen */ = {
			isa = PBXNativeTarget;
			buildConfigurationList = 834224E32072FC9D005D3144 /* Build configuration list for PBXNativeTarget "Fifteen" */;
			buildPhases = (
				834224CD2072FC9D005D3144 /* Sources */,
				834224CE2072FC9D005D3144 /* Frameworks */,
				834224CF2072FC9D005D3144 /* Resources */,
			);
			buildRules = (
			);
			dependencies = (
			);
			name = Fifteen;
			productName = Fifteen;
			productReference = 834224D12072FC9D005D3144 /* Fifteen.app */;
			productType = "com.apple.product-type.application";
		};
/* End PBXNativeTarget section */

/* Begin PBXProject section */
		834224C92072FC9D005D3144 /* Project object */ = {
			isa = PBXProject;
			attributes = {
				LastSwiftUpdateCheck = 0920;
				LastUpgradeCheck = 0920;
				ORGANIZATIONNAME = AssistStat;
				TargetAttributes = {
					834224D02072FC9D005D3144 = {
						CreatedOnToolsVersion = 9.2;
						ProvisioningStyle = Automatic;
					};
				};
			};
			buildConfigurationList = 834224CC2072FC9D005D3144 /* Build configuration list for PBXProject "Fifteen" */;
			compatibilityVersion = "Xcode 8.0";
			developmentRegion = en;
			hasScannedForEncodings = 0;
			knownRegions = (
				en,
				Base,
			);
			mainGroup = 834224C82072FC9D005D3144;
			productRefGroup = 834224D22072FC9D005D3144 /* Products */;
			projectDirPath = "";
			projectRoot = "";
			targets = (
				834224D02072FC9D005D3144 /* Fifteen */,
			);
		};
/* End PBXProject section */

/* Begin PBXResourcesBuildPhase section */
		834224CF2072FC9D005D3144 /* Resources */ = {
			isa = PBXResourcesBuildPhase;
			buildActionMask = 2147483647;
			files = (
				834224DF2072FC9D005D3144 /* Assets.xcassets in Resources */,
				834224DD2072FC9D005D3144 /* Main.storyboard in Resources */,
			);
			runOnlyForDeploymentPostprocessing = 0;
		};
/* End PBXResourcesBuildPhase section */

/* Begin PBXSourcesBuildPhase section */
		834224CD2072FC9D005D3144 /* Sources */ = {
			isa = PBXSourcesBuildPhase;
			buildActionMask = 2147483647;
			files = (
				834224D72072FC9D005D3144 /* ViewController.swift in Sources */,
				834224D52072FC9D005D3144 /* AppDelegate.swift in Sources */,
				83B3FDAE207305D000D66EE5 /* Tile.swift in Sources */,
				83B3FDAC207305B000D66EE5 /* Board.swift in Sources */,
				834224DA2072FC9D005D3144 /* Fifteen.xcdatamodeld in Sources */,
			);
			runOnlyForDeploymentPostprocessing = 0;
		};
/* End PBXSourcesBuildPhase section */

/* Begin PBXVariantGroup section */
		834224DB2072FC9D005D3144 /* Main.storyboard */ = {
			isa = PBXVariantGroup;
			children = (
				834224DC2072FC9D005D3144 /* Base */,
			);
			name = Main.storyboard;
			sourceTree = "<group>";
		};
/* End PBXVariantGroup section */

/* Begin XCBuildConfiguration section */
		834224E12072FC9D005D3144 /* Debug */ = {
			isa = XCBuildConfiguration;
			buildSettings = {
				ALWAYS_SEARCH_USER_PATHS = NO;
				CLANG_ANALYZER_NONNULL = YES;
				CLANG_ANALYZER_NUMBER_OBJECT_CONVERSION = YES_AGGRESSIVE;
				CLANG_CXX_LANGUAGE_STANDARD = "gnu++14";
				CLANG_CXX_LIBRARY = "libc++";
				CLANG_ENABLE_MODULES = YES;
				CLANG_ENABLE_OBJC_ARC = YES;
				CLANG_WARN_BLOCK_CAPTURE_AUTORELEASING = YES;
				CLANG_WARN_BOOL_CONVERSION = YES;
				CLANG_WARN_COMMA = YES;
				CLANG_WARN_CONSTANT_CONVERSION = YES;
				CLANG_WARN_DIRECT_OBJC_ISA_USAGE = YES_ERROR;
				CLANG_WARN_DOCUMENTATION_COMMENTS = YES;
				CLANG_WARN_EMPTY_BODY = YES;
				CLANG_WARN_ENUM_CONVERSION = YES;
				CLANG_WARN_INFINITE_RECURSION = YES;
				CLANG_WARN_INT_CONVERSION = YES;
				CLANG_WARN_NON_LITERAL_NULL_CONVERSION = YES;
				CLANG_WARN_OBJC_LITERAL_CONVERSION = YES;
				CLANG_WARN_OBJC_ROOT_CLASS = YES_ERROR;
				CLANG_WARN_RANGE_LOOP_ANALYSIS = YES;
				CLANG_WARN_STRICT_PROTOTYPES = YES;
				CLANG_WARN_SUSPICIOUS_MOVE = YES;
				CLANG_WARN_UNGUARDED_AVAILABILITY = YES_AGGRESSIVE;
				CLANG_WARN_UNREACHABLE_CODE = YES;
				CLANG_WARN__DUPLICATE_METHOD_MATCH = YES;
				COPY_PHASE_STRIP = NO;
				DEBUG_INFORMATION_FORMAT = dwarf;
				ENABLE_STRICT_OBJC_MSGSEND = YES;
				ENABLE_TESTABILITY = YES;
				GCC_C_LANGUAGE_STANDARD = gnu11;
				GCC_DYNAMIC_NO_PIC = NO;
				GCC_NO_COMMON_BLOCKS = YES;
				GCC_OPTIMIZATION_LEVEL = 0;
				GCC_PREPROCESSOR_DEFINITIONS = (
					"DEBUG=1",
					"$(inherited)",
				);
				GCC_WARN_64_TO_32_BIT_CONVERSION = YES;
				GCC_WARN_ABOUT_RETURN_TYPE = YES_ERROR;
				GCC_WARN_UNDECLARED_SELECTOR = YES;
				GCC_WARN_UNINITIALIZED_AUTOS = YES_AGGRESSIVE;
				GCC_WARN_UNUSED_FUNCTION = YES;
				GCC_WARN_UNUSED_VARIABLE = YES;
				MTL_ENABLE_DEBUG_INFO = YES;
				ONLY_ACTIVE_ARCH = YES;
				SDKROOT = appletvos;
				SWIFT_ACTIVE_COMPILATION_CONDITIONS = DEBUG;
				SWIFT_OPTIMIZATION_LEVEL = "-Onone";
				TVOS_DEPLOYMENT_TARGET = 11.2;
			};
			name = Debug;
		};
		834224E22072FC9D005D3144 /* Release */ = {
			isa = XCBuildConfiguration;
			buildSettings = {
				ALWAYS_SEARCH_USER_PATHS = NO;
				CLANG_ANALYZER_NONNULL = YES;
				CLANG_ANALYZER_NUMBER_OBJECT_CONVERSION = YES_AGGRESSIVE;
				CLANG_CXX_LANGUAGE_STANDARD = "gnu++14";
				CLANG_CXX_LIBRARY = "libc++";
				CLANG_ENABLE_MODULES = YES;
				CLANG_ENABLE_OBJC_ARC = YES;
				CLANG_WARN_BLOCK_CAPTURE_AUTORELEASING = YES;
				CLANG_WARN_BOOL_CONVERSION = YES;
				CLANG_WARN_COMMA = YES;
				CLANG_WARN_CONSTANT_CONVERSION = YES;
				CLANG_WARN_DIRECT_OBJC_ISA_USAGE = YES_ERROR;
				CLANG_WARN_DOCUMENTATION_COMMENTS = YES;
				CLANG_WARN_EMPTY_BODY = YES;
				CLANG_WARN_ENUM_CONVERSION = YES;
				CLANG_WARN_INFINITE_RECURSION = YES;
				CLANG_WARN_INT_CONVERSION = YES;
				CLANG_WARN_NON_LITERAL_NULL_CONVERSION = YES;
				CLANG_WARN_OBJC_LITERAL_CONVERSION = YES;
				CLANG_WARN_OBJC_ROOT_CLASS = YES_ERROR;
				CLANG_WARN_RANGE_LOOP_ANALYSIS = YES;
				CLANG_WARN_STRICT_PROTOTYPES = YES;
				CLANG_WARN_SUSPICIOUS_MOVE = YES;
				CLANG_WARN_UNGUARDED_AVAILABILITY = YES_AGGRESSIVE;
				CLANG_WARN_UNREACHABLE_CODE = YES;
				CLANG_WARN__DUPLICATE_METHOD_MATCH = YES;
				COPY_PHASE_STRIP = NO;
				DEBUG_INFORMATION_FORMAT = "dwarf-with-dsym";
				ENABLE_NS_ASSERTIONS = NO;
				ENABLE_STRICT_OBJC_MSGSEND = YES;
				GCC_C_LANGUAGE_STANDARD = gnu11;
				GCC_NO_COMMON_BLOCKS = YES;
				GCC_WARN_64_TO_32_BIT_CONVERSION = YES;
				GCC_WARN_ABOUT_RETURN_TYPE = YES_ERROR;
				GCC_WARN_UNDECLARED_SELECTOR = YES;
				GCC_WARN_UNINITIALIZED_AUTOS = YES_AGGRESSIVE;
				GCC_WARN_UNUSED_FUNCTION = YES;
				GCC_WARN_UNUSED_VARIABLE = YES;
				MTL_ENABLE_DEBUG_INFO = NO;
				SDKROOT = appletvos;
				SWIFT_OPTIMIZATION_LEVEL = "-Owholemodule";
				TVOS_DEPLOYMENT_TARGET = 11.2;
				VALIDATE_PRODUCT = YES;
			};
			name = Release;
		};
		834224E42072FC9D005D3144 /* Debug */ = {
			isa = XCBuildConfiguration;
			buildSettings = {
				ASSETCATALOG_COMPILER_APPICON_NAME = "App Icon & Top Shelf Image";
				ASSETCATALOG_COMPILER_LAUNCHIMAGE_NAME = LaunchImage;
				CODE_SIGN_STYLE = Automatic;
				DEVELOPMENT_TEAM = 84LWTY6T5F;
				INFOPLIST_FILE = Fifteen/Info.plist;
				LD_RUNPATH_SEARCH_PATHS = "$(inherited) @executable_path/Frameworks";
				PRODUCT_BUNDLE_IDENTIFIER = com.AssistStat.Fifteen;
				PRODUCT_NAME = "$(TARGET_NAME)";
				SWIFT_VERSION = 4.0;
				TARGETED_DEVICE_FAMILY = 3;
			};
			name = Debug;
		};
		834224E52072FC9D005D3144 /* Release */ = {
			isa = XCBuildConfiguration;
			buildSettings = {
				ASSETCATALOG_COMPILER_APPICON_NAME = "App Icon & Top Shelf Image";
				ASSETCATALOG_COMPILER_LAUNCHIMAGE_NAME = LaunchImage;
				CODE_SIGN_STYLE = Automatic;
				DEVELOPMENT_TEAM = 84LWTY6T5F;
				INFOPLIST_FILE = Fifteen/Info.plist;
				LD_RUNPATH_SEARCH_PATHS = "$(inherited) @executable_path/Frameworks";
				PRODUCT_BUNDLE_IDENTIFIER = com.AssistStat.Fifteen;
				PRODUCT_NAME = "$(TARGET_NAME)";
				SWIFT_VERSION = 4.0;
				TARGETED_DEVICE_FAMILY = 3;
			};
			name = Release;
		};
/* End XCBuildConfiguration section */

/* Begin XCConfigurationList section */
		834224CC2072FC9D005D3144 /* Build configuration list for PBXProject "Fifteen" */ = {
			isa = XCConfigurationList;
			buildConfigurations = (
				834224E12072FC9D005D3144 /* Debug */,
				834224E22072FC9D005D3144 /* Release */,
			);
			defaultConfigurationIsVisible = 0;
			defaultConfigurationName = Release;
		};
		834224E32072FC9D005D3144 /* Build configuration list for PBXNativeTarget "Fifteen" */ = {
			isa = XCConfigurationList;
			buildConfigurations = (
				834224E42072FC9D005D3144 /* Debug */,
				834224E52072FC9D005D3144 /* Release */,
			);
			defaultConfigurationIsVisible = 0;
			defaultConfigurationName = Release;
		};
/* End XCConfigurationList section */

/* Begin XCVersionGroup section */
		834224D82072FC9D005D3144 /* Fifteen.xcdatamodeld */ = {
			isa = XCVersionGroup;
			children = (
				834224D92072FC9D005D3144 /* Fifteen.xcdatamodel */,
			);
			currentVersion = 834224D92072FC9D005D3144 /* Fifteen.xcdatamodel */;
			path = Fifteen.xcdatamodeld;
			sourceTree = "<group>";
			versionGroupType = wrapper.xcdatamodel;
		};
/* End XCVersionGroup section */
	};
	rootObject = 834224C92072FC9D005D3144 /* Project object */;
}
